{
  "version": 4,
  "terraform_version": "1.11.4",
  "serial": 15,
  "lineage": "b7601c20-7c44-f7b0-867c-71fadd902a57",
  "outputs": {},
  "resources": [
    {
      "module": "module.routing",
      "mode": "managed",
      "type": "aws_internet_gateway",
      "name": "capstone_igw",
      "provider": "provider[\"registry.terraform.io/hashicorp/aws\"]",
      "instances": [
        {
          "schema_version": 0,
          "attributes": {
            "arn": "arn:aws:ec2:ap-northeast-2:390403881443:internet-gateway/igw-06cb7d501c0c789f2",
            "id": "igw-06cb7d501c0c789f2",
            "owner_id": "390403881443",
            "tags": {
              "Name": "capstone-igw"
            },
            "tags_all": {
              "Name": "capstone-igw"
            },
            "timeouts": null,
            "vpc_id": "vpc-0507e9eeb2df5c9e6"
          },
          "sensitive_attributes": [],
          "private": "eyJlMmJmYjczMC1lY2FhLTExZTYtOGY4OC0zNDM2M2JjN2M0YzAiOnsiY3JlYXRlIjoxMjAwMDAwMDAwMDAwLCJkZWxldGUiOjEyMDAwMDAwMDAwMDAsInVwZGF0ZSI6MTIwMDAwMDAwMDAwMH19",
          "dependencies": [
            "module.vpc.aws_vpc.capstone_vpc"
          ]
        }
      ]
    },
    {
      "module": "module.routing",
      "mode": "managed",
      "type": "aws_route_table",
      "name": "capstone_public_rt",
      "provider": "provider[\"registry.terraform.io/hashicorp/aws\"]",
      "instances": [
        {
          "schema_version": 0,
          "attributes": {
            "arn": "arn:aws:ec2:ap-northeast-2:390403881443:route-table/rtb-00bc8712216c481e5",
            "id": "rtb-00bc8712216c481e5",
            "owner_id": "390403881443",
            "propagating_vgws": [],
            "route": [
              {
                "carrier_gateway_id": "",
                "cidr_block": "0.0.0.0/0",
                "core_network_arn": "",
                "destination_prefix_list_id": "",
                "egress_only_gateway_id": "",
                "gateway_id": "igw-06cb7d501c0c789f2",
                "instance_id": "",
                "ipv6_cidr_block": "",
                "local_gateway_id": "",
                "nat_gateway_id": "",
                "network_interface_id": "",
                "transit_gateway_id": "",
                "vpc_endpoint_id": "",
                "vpc_peering_connection_id": ""
              }
            ],
            "tags": {
              "Name": "capstone-public-rt"
            },
            "tags_all": {
              "Name": "capstone-public-rt"
            },
            "timeouts": null,
            "vpc_id": "vpc-0507e9eeb2df5c9e6"
          },
          "sensitive_attributes": [],
          "private": "eyJlMmJmYjczMC1lY2FhLTExZTYtOGY4OC0zNDM2M2JjN2M0YzAiOnsiY3JlYXRlIjozMDAwMDAwMDAwMDAsImRlbGV0ZSI6MzAwMDAwMDAwMDAwLCJ1cGRhdGUiOjEyMDAwMDAwMDAwMH19",
          "dependencies": [
            "module.routing.aws_internet_gateway.capstone_igw",
            "module.vpc.aws_vpc.capstone_vpc"
          ]
        }
      ]
    },
    {
      "module": "module.routing",
      "mode": "managed",
      "type": "aws_route_table_association",
      "name": "capstone_public_rta",
      "provider": "provider[\"registry.terraform.io/hashicorp/aws\"]",
      "instances": [
        {
          "schema_version": 0,
          "attributes": {
            "gateway_id": "",
            "id": "rtbassoc-07c7b3f10489c445a",
            "route_table_id": "rtb-00bc8712216c481e5",
            "subnet_id": "subnet-0671ba51be29e9470",
            "timeouts": null
          },
          "sensitive_attributes": [],
          "private": "eyJlMmJmYjczMC1lY2FhLTExZTYtOGY4OC0zNDM2M2JjN2M0YzAiOnsiY3JlYXRlIjozMDAwMDAwMDAwMDAsImRlbGV0ZSI6MzAwMDAwMDAwMDAwLCJ1cGRhdGUiOjEyMDAwMDAwMDAwMH19",
          "dependencies": [
            "module.routing.aws_internet_gateway.capstone_igw",
            "module.routing.aws_route_table.capstone_public_rt",
            "module.subnet.aws_subnet.capstone_ai_subnet",
            "module.subnet.aws_subnet.capstone_public_subnet",
            "module.vpc.aws_vpc.capstone_vpc"
          ]
        }
      ]
    },
    {
      "module": "module.subnet",
      "mode": "managed",
      "type": "aws_subnet",
      "name": "capstone_ai_subnet",
      "provider": "provider[\"registry.terraform.io/hashicorp/aws\"]",
      "instances": [
        {
          "schema_version": 1,
          "attributes": {
            "arn": "arn:aws:ec2:ap-northeast-2:390403881443:subnet/subnet-07de48e5094f09a36",
            "assign_ipv6_address_on_creation": false,
            "availability_zone": "ap-northeast-2a",
            "availability_zone_id": "apne2-az1",
            "cidr_block": "172.16.2.0/24",
            "customer_owned_ipv4_pool": "",
            "enable_dns64": false,
            "enable_lni_at_device_index": 0,
            "enable_resource_name_dns_a_record_on_launch": false,
            "enable_resource_name_dns_aaaa_record_on_launch": false,
            "id": "subnet-07de48e5094f09a36",
            "ipv6_cidr_block": "",
            "ipv6_cidr_block_association_id": "",
            "ipv6_native": false,
            "map_customer_owned_ip_on_launch": false,
            "map_public_ip_on_launch": false,
            "outpost_arn": "",
            "owner_id": "390403881443",
            "private_dns_hostname_type_on_launch": "ip-name",
            "tags": {
              "Name": "capstone-ai-subnet"
            },
            "tags_all": {
              "Name": "capstone-ai-subnet"
            },
            "timeouts": null,
            "vpc_id": "vpc-0507e9eeb2df5c9e6"
          },
          "sensitive_attributes": [],
          "private": "eyJlMmJmYjczMC1lY2FhLTExZTYtOGY4OC0zNDM2M2JjN2M0YzAiOnsiY3JlYXRlIjo2MDAwMDAwMDAwMDAsImRlbGV0ZSI6MTIwMDAwMDAwMDAwMH0sInNjaGVtYV92ZXJzaW9uIjoiMSJ9",
          "dependencies": [
            "module.vpc.aws_vpc.capstone_vpc"
          ]
        }
      ]
    },
    {
      "module": "module.subnet",
      "mode": "managed",
      "type": "aws_subnet",
      "name": "capstone_public_subnet",
      "provider": "provider[\"registry.terraform.io/hashicorp/aws\"]",
      "instances": [
        {
          "schema_version": 1,
          "attributes": {
            "arn": "arn:aws:ec2:ap-northeast-2:390403881443:subnet/subnet-0671ba51be29e9470",
            "assign_ipv6_address_on_creation": false,
            "availability_zone": "ap-northeast-2a",
            "availability_zone_id": "apne2-az1",
            "cidr_block": "172.16.1.0/24",
            "customer_owned_ipv4_pool": "",
            "enable_dns64": false,
            "enable_lni_at_device_index": 0,
            "enable_resource_name_dns_a_record_on_launch": false,
            "enable_resource_name_dns_aaaa_record_on_launch": false,
            "id": "subnet-0671ba51be29e9470",
            "ipv6_cidr_block": "",
            "ipv6_cidr_block_association_id": "",
            "ipv6_native": false,
            "map_customer_owned_ip_on_launch": false,
            "map_public_ip_on_launch": false,
            "outpost_arn": "",
            "owner_id": "390403881443",
            "private_dns_hostname_type_on_launch": "ip-name",
            "tags": {
              "Name": "capstone-public-subnet"
            },
            "tags_all": {
              "Name": "capstone-public-subnet"
            },
            "timeouts": null,
            "vpc_id": "vpc-0507e9eeb2df5c9e6"
          },
          "sensitive_attributes": [],
          "private": "eyJlMmJmYjczMC1lY2FhLTExZTYtOGY4OC0zNDM2M2JjN2M0YzAiOnsiY3JlYXRlIjo2MDAwMDAwMDAwMDAsImRlbGV0ZSI6MTIwMDAwMDAwMDAwMH0sInNjaGVtYV92ZXJzaW9uIjoiMSJ9",
          "dependencies": [
            "module.vpc.aws_vpc.capstone_vpc"
          ]
        }
      ]
    },
    {
      "module": "module.vpc",
      "mode": "managed",
      "type": "aws_vpc",
      "name": "capstone_vpc",
      "provider": "provider[\"registry.terraform.io/hashicorp/aws\"]",
      "instances": [
        {
          "schema_version": 1,
          "attributes": {
            "arn": "arn:aws:ec2:ap-northeast-2:390403881443:vpc/vpc-0507e9eeb2df5c9e6",
            "assign_generated_ipv6_cidr_block": false,
            "cidr_block": "172.16.0.0/16",
            "default_network_acl_id": "acl-0104be23848f6cad1",
            "default_route_table_id": "rtb-04f19c8235f491af2",
            "default_security_group_id": "sg-01944c0466c40c428",
            "dhcp_options_id": "dopt-0bb6bf2626d3217a9",
            "enable_classiclink": false,
            "enable_classiclink_dns_support": false,
            "enable_dns_hostnames": false,
            "enable_dns_support": true,
            "enable_network_address_usage_metrics": false,
            "id": "vpc-0507e9eeb2df5c9e6",
            "instance_tenancy": "default",
            "ipv4_ipam_pool_id": null,
            "ipv4_netmask_length": null,
            "ipv6_association_id": "",
            "ipv6_cidr_block": "",
            "ipv6_cidr_block_network_border_group": "",
            "ipv6_ipam_pool_id": "",
            "ipv6_netmask_length": 0,
            "main_route_table_id": "rtb-04f19c8235f491af2",
            "owner_id": "390403881443",
            "tags": {
              "Name": "capstone-vpc"
            },
            "tags_all": {
              "Name": "capstone-vpc"
            }
          },
          "sensitive_attributes": [],
          "private": "eyJzY2hlbWFfdmVyc2lvbiI6IjEifQ=="
        }
      ]
    }
  ],
  "check_results": null
}
